// !$*UTF8*$!
{
	archiveVersion = 1;
	classes = {
	};
	objectVersion = 55;
	objects = {

/* Begin PBXBuildFile section */
		402C3874288FDF3500E0A1D5 /* Answer.swift in Sources */ = {isa = PBXBuildFile; fileRef = 402C3873288FDF3500E0A1D5 /* Answer.swift */; };
		402C3876288FDF6300E0A1D5 /* Question.swift in Sources */ = {isa = PBXBuildFile; fileRef = 402C3875288FDF6300E0A1D5 /* Question.swift */; };
		402C3879288FE1B400E0A1D5 /* Randomizer.swift in Sources */ = {isa = PBXBuildFile; fileRef = 402C3878288FE1B400E0A1D5 /* Randomizer.swift */; };
		40769BFE288EC6C000899702 /* AppDelegate.swift in Sources */ = {isa = PBXBuildFile; fileRef = 40769BFD288EC6C000899702 /* AppDelegate.swift */; };
		40769C00288EC6C000899702 /* SceneDelegate.swift in Sources */ = {isa = PBXBuildFile; fileRef = 40769BFF288EC6C000899702 /* SceneDelegate.swift */; };
		40769C02288EC6C000899702 /* ViewController.swift in Sources */ = {isa = PBXBuildFile; fileRef = 40769C01288EC6C000899702 /* ViewController.swift */; };
		40769C05288EC6C000899702 /* Main.storyboard in Resources */ = {isa = PBXBuildFile; fileRef = 40769C03288EC6C000899702 /* Main.storyboard */; };
		40769C07288EC6C200899702 /* Assets.xcassets in Resources */ = {isa = PBXBuildFile; fileRef = 40769C06288EC6C200899702 /* Assets.xcassets */; };
		40769C0A288EC6C200899702 /* LaunchScreen.storyboard in Resources */ = {isa = PBXBuildFile; fileRef = 40769C08288EC6C200899702 /* LaunchScreen.storyboard */; };
		40769C12288ECAD500899702 /* GameViewController.swift in Sources */ = {isa = PBXBuildFile; fileRef = 40769C11288ECAD500899702 /* GameViewController.swift */; };
/* End PBXBuildFile section */

/* Begin PBXFileReference section */
		402C3873288FDF3500E0A1D5 /* Answer.swift */ = {isa = PBXFileReference; lastKnownFileType = sourcecode.swift; path = Answer.swift; sourceTree = "<group>"; };
		402C3875288FDF6300E0A1D5 /* Question.swift */ = {isa = PBXFileReference; lastKnownFileType = sourcecode.swift; path = Question.swift; sourceTree = "<group>"; };
		402C3878288FE1B400E0A1D5 /* Randomizer.swift */ = {isa = PBXFileReference; lastKnownFileType = sourcecode.swift; path = Randomizer.swift; sourceTree = "<group>"; };
		40769BFA288EC6C000899702 /* Quiz Game Application.app */ = {isa = PBXFileReference; explicitFileType = wrapper.application; includeInIndex = 0; path = "Quiz Game Application.app"; sourceTree = BUILT_PRODUCTS_DIR; };
		40769BFD288EC6C000899702 /* AppDelegate.swift */ = {isa = PBXFileReference; lastKnownFileType = sourcecode.swift; path = AppDelegate.swift; sourceTree = "<group>"; };
		40769BFF288EC6C000899702 /* SceneDelegate.swift */ = {isa = PBXFileReference; lastKnownFileType = sourcecode.swift; path = SceneDelegate.swift; sourceTree = "<group>"; };
		40769C01288EC6C000899702 /* ViewController.swift */ = {isa = PBXFileReference; lastKnownFileType = sourcecode.swift; path = ViewController.swift; sourceTree = "<group>"; };
		40769C04288EC6C000899702 /* Base */ = {isa = PBXFileReference; lastKnownFileType = file.storyboard; name = Base; path = Base.lproj/Main.storyboard; sourceTree = "<group>"; };
		40769C06288EC6C200899702 /* Assets.xcassets */ = {isa = PBXFileReference; lastKnownFileType = folder.assetcatalog; path = Assets.xcassets; sourceTree = "<group>"; };
		40769C09288EC6C200899702 /* Base */ = {isa = PBXFileReference; lastKnownFileType = file.storyboard; name = Base; path = Base.lproj/LaunchScreen.storyboard; sourceTree = "<group>"; };
		40769C0B288EC6C200899702 /* Info.plist */ = {isa = PBXFileReference; lastKnownFileType = text.plist.xml; path = Info.plist; sourceTree = "<group>"; };
		40769C11288ECAD500899702 /* GameViewController.swift */ = {isa = PBXFileReference; lastKnownFileType = sourcecode.swift; path = GameViewController.swift; sourceTree = "<group>"; };
/* End PBXFileReference section */

/* Begin PBXFrameworksBuildPhase section */
		40769BF7288EC6C000899702 /* Frameworks */ = {
			isa = PBXFrameworksBuildPhase;
			buildActionMask = 2147483647;
			files = (
			);
			runOnlyForDeploymentPostprocessing = 0;
		};
/* End PBXFrameworksBuildPhase section */

/* Begin PBXGroup section */
		402C3870288FDEAB00E0A1D5 /* Controllers */ = {
			isa = PBXGroup;
			children = (
				40769C11288ECAD500899702 /* GameViewController.swift */,
				40769C01288EC6C000899702 /* ViewController.swift */,
			);
			path = Controllers;
			sourceTree = "<group>";
		};
		402C3871288FDEBD00E0A1D5 /* Views */ = {
			isa = PBXGroup;
			children = (
				40769C08288EC6C200899702 /* LaunchScreen.storyboard */,
				40769C03288EC6C000899702 /* Main.storyboard */,
			);
			path = Views;
			sourceTree = "<group>";
		};
		402C3872288FDED100E0A1D5 /* Models */ = {
			isa = PBXGroup;
			children = (
				402C3877288FE1A400E0A1D5 /* Helpers */,
				402C3873288FDF3500E0A1D5 /* Answer.swift */,
				402C3875288FDF6300E0A1D5 /* Question.swift */,
			);
			path = Models;
			sourceTree = "<group>";
		};
		402C3877288FE1A400E0A1D5 /* Helpers */ = {
			isa = PBXGroup;
			children = (
				402C3878288FE1B400E0A1D5 /* Randomizer.swift */,
			);
			path = Helpers;
			sourceTree = "<group>";
		};
		40769BF1288EC6C000899702 = {
			isa = PBXGroup;
			children = (
				40769BFC288EC6C000899702 /* Quiz Game Application */,
				40769BFB288EC6C000899702 /* Products */,
			);
			sourceTree = "<group>";
		};
		40769BFB288EC6C000899702 /* Products */ = {
			isa = PBXGroup;
			children = (
				40769BFA288EC6C000899702 /* Quiz Game Application.app */,
			);
			name = Products;
			sourceTree = "<group>";
		};
		40769BFC288EC6C000899702 /* Quiz Game Application */ = {
			isa = PBXGroup;
			children = (
				402C3872288FDED100E0A1D5 /* Models */,
				402C3871288FDEBD00E0A1D5 /* Views */,
				402C3870288FDEAB00E0A1D5 /* Controllers */,
				40769BFD288EC6C000899702 /* AppDelegate.swift */,
				40769BFF288EC6C000899702 /* SceneDelegate.swift */,
				40769C06288EC6C200899702 /* Assets.xcassets */,
				40769C0B288EC6C200899702 /* Info.plist */,
			);
			path = "Quiz Game Application";
			sourceTree = "<group>";
		};
/* End PBXGroup section */

/* Begin PBXNativeTarget section */
		40769BF9288EC6C000899702 /* Quiz Game Application */ = {
			isa = PBXNativeTarget;
			buildConfigurationList = 40769C0E288EC6C200899702 /* Build configuration list for PBXNativeTarget "Quiz Game Application" */;
			buildPhases = (
				40769BF6288EC6C000899702 /* Sources */,
				40769BF7288EC6C000899702 /* Frameworks */,
				40769BF8288EC6C000899702 /* Resources */,
			);
			buildRules = (
			);
			dependencies = (
			);
			name = "Quiz Game Application";
			productName = "Quiz Game Application";
			productReference = 40769BFA288EC6C000899702 /* Quiz Game Application.app */;
			productType = "com.apple.product-type.application";
		};
/* End PBXNativeTarget section */

/* Begin PBXProject section */
		40769BF2288EC6C000899702 /* Project object */ = {
			isa = PBXProject;
			attributes = {
				BuildIndependentTargetsInParallel = 1;
				LastSwiftUpdateCheck = 1340;
				LastUpgradeCheck = 1340;
				TargetAttributes = {
					40769BF9288EC6C000899702 = {
						CreatedOnToolsVersion = 13.4.1;
					};
				};
			};
			buildConfigurationList = 40769BF5288EC6C000899702 /* Build configuration list for PBXProject "Quiz Game Application" */;
			compatibilityVersion = "Xcode 13.0";
			developmentRegion = en;
			hasScannedForEncodings = 0;
			knownRegions = (
				en,
				Base,
			);
			mainGroup = 40769BF1288EC6C000899702;
			productRefGroup = 40769BFB288EC6C000899702 /* Products */;
			projectDirPath = "";
			projectRoot = "";
			targets = (
				40769BF9288EC6C000899702 /* Quiz Game Application */,
			);
		};
/* End PBXProject section */

/* Begin PBXResourcesBuildPhase section */
		40769BF8288EC6C000899702 /* Resources */ = {
			isa = PBXResourcesBuildPhase;
			buildActionMask = 2147483647;
			files = (
				40769C0A288EC6C200899702 /* LaunchScreen.storyboard in Resources */,
				40769C07288EC6C200899702 /* Assets.xcassets in Resources */,
				40769C05288EC6C000899702 /* Main.storyboard in Resources */,
			);
			runOnlyForDeploymentPostprocessing = 0;
		};
/* End PBXResourcesBuildPhase section */

/* Begin PBXSourcesBuildPhase section */
		40769BF6288EC6C000899702 /* Sources */ = {
			isa = PBXSourcesBuildPhase;
			buildActionMask = 2147483647;
			files = (
				40769C12288ECAD500899702 /* GameViewController.swift in Sources */,
				40769C02288EC6C000899702 /* ViewController.swift in Sources */,
				402C3874288FDF3500E0A1D5 /* Answer.swift in Sources */,
				402C3876288FDF6300E0A1D5 /* Question.swift in Sources */,
				40769BFE288EC6C000899702 /* AppDelegate.swift in Sources */,
				40769C00288EC6C000899702 /* SceneDelegate.swift in Sources */,
				402C3879288FE1B400E0A1D5 /* Randomizer.swift in Sources */,
			);
			runOnlyForDeploymentPostprocessing = 0;
		};
/* End PBXSourcesBuildPhase section */

/* Begin PBXVariantGroup section */
		40769C03288EC6C000899702 /* Main.storyboard */ = {
			isa = PBXVariantGroup;
			children = (
				40769C04288EC6C000899702 /* Base */,
			);
			name = Main.storyboard;
			sourceTree = "<group>";
		};
		40769C08288EC6C200899702 /* LaunchScreen.storyboard */ = {
			isa = PBXVariantGroup;
			children = (
				40769C09288EC6C200899702 /* Base */,
			);
			name = LaunchScreen.storyboard;
			sourceTree = "<group>";
		};
/* End PBXVariantGroup section */

/* Begin XCBuildConfiguration section */
		40769C0C288EC6C200899702 /* Debug */ = {
			isa = XCBuildConfiguration;
			buildSettings = {
				ALWAYS_SEARCH_USER_PATHS = NO;
				CLANG_ANALYZER_NONNULL = YES;
				CLANG_ANALYZER_NUMBER_OBJECT_CONVERSION = YES_AGGRESSIVE;
				CLANG_CXX_LANGUAGE_STANDARD = "gnu++17";
				CLANG_ENABLE_MODULES = YES;
				CLANG_ENABLE_OBJC_ARC = YES;
				CLANG_ENABLE_OBJC_WEAK = YES;
				CLANG_WARN_BLOCK_CAPTURE_AUTORELEASING = YES;
				CLANG_WARN_BOOL_CONVERSION = YES;
				CLANG_WARN_COMMA = YES;
				CLANG_WARN_CONSTANT_CONVERSION = YES;
				CLANG_WARN_DEPRECATED_OBJC_IMPLEMENTATIONS = YES;
				CLANG_WARN_DIRECT_OBJC_ISA_USAGE = YES_ERROR;
				CLANG_WARN_DOCUMENTATION_COMMENTS = YES;
				CLANG_WARN_EMPTY_BODY = YES;
				CLANG_WARN_ENUM_CONVERSION = YES;
				CLANG_WARN_INFINITE_RECURSION = YES;
				CLANG_WARN_INT_CONVERSION = YES;
				CLANG_WARN_NON_LITERAL_NULL_CONVERSION = YES;
				CLANG_WARN_OBJC_IMPLICIT_RETAIN_SELF = YES;
				CLANG_WARN_OBJC_LITERAL_CONVERSION = YES;
				CLANG_WARN_OBJC_ROOT_CLASS = YES_ERROR;
				CLANG_WARN_QUOTED_INCLUDE_IN_FRAMEWORK_HEADER = YES;
				CLANG_WARN_RANGE_LOOP_ANALYSIS = YES;
				CLANG_WARN_STRICT_PROTOTYPES = YES;
				CLANG_WARN_SUSPICIOUS_MOVE = YES;
				CLANG_WARN_UNGUARDED_AVAILABILITY = YES_AGGRESSIVE;
				CLANG_WARN_UNREACHABLE_CODE = YES;
				CLANG_WARN__DUPLICATE_METHOD_MATCH = YES;
				COPY_PHASE_STRIP = NO;
				DEBUG_INFORMATION_FORMAT = dwarf;
				ENABLE_STRICT_OBJC_MSGSEND = YES;
				ENABLE_TESTABILITY = YES;
				GCC_C_LANGUAGE_STANDARD = gnu11;
				GCC_DYNAMIC_NO_PIC = NO;
				GCC_NO_COMMON_BLOCKS = YES;
				GCC_OPTIMIZATION_LEVEL = 0;
				GCC_PREPROCESSOR_DEFINITIONS = (
					"DEBUG=1",
					"$(inherited)",
				);
				GCC_WARN_64_TO_32_BIT_CONVERSION = YES;
				GCC_WARN_ABOUT_RETURN_TYPE = YES_ERROR;
				GCC_WARN_UNDECLARED_SELECTOR = YES;
				GCC_WARN_UNINITIALIZED_AUTOS = YES_AGGRESSIVE;
				GCC_WARN_UNUSED_FUNCTION = YES;
				GCC_WARN_UNUSED_VARIABLE = YES;
				IPHONEOS_DEPLOYMENT_TARGET = 15.5;
				MTL_ENABLE_DEBUG_INFO = INCLUDE_SOURCE;
				MTL_FAST_MATH = YES;
				ONLY_ACTIVE_ARCH = YES;
				SDKROOT = iphoneos;
				SWIFT_ACTIVE_COMPILATION_CONDITIONS = DEBUG;
				SWIFT_OPTIMIZATION_LEVEL = "-Onone";
			};
			name = Debug;
		};
		40769C0D288EC6C200899702 /* Release */ = {
			isa = XCBuildConfiguration;
			buildSettings = {
				ALWAYS_SEARCH_USER_PATHS = NO;
				CLANG_ANALYZER_NONNULL = YES;
				CLANG_ANALYZER_NUMBER_OBJECT_CONVERSION = YES_AGGRESSIVE;
				CLANG_CXX_LANGUAGE_STANDARD = "gnu++17";
				CLANG_ENABLE_MODULES = YES;
				CLANG_ENABLE_OBJC_ARC = YES;
				CLANG_ENABLE_OBJC_WEAK = YES;
				CLANG_WARN_BLOCK_CAPTURE_AUTORELEASING = YES;
				CLANG_WARN_BOOL_CONVERSION = YES;
				CLANG_WARN_COMMA = YES;
				CLANG_WARN_CONSTANT_CONVERSION = YES;
				CLANG_WARN_DEPRECATED_OBJC_IMPLEMENTATIONS = YES;
				CLANG_WARN_DIRECT_OBJC_ISA_USAGE = YES_ERROR;
				CLANG_WARN_DOCUMENTATION_COMMENTS = YES;
				CLANG_WARN_EMPTY_BODY = YES;
				CLANG_WARN_ENUM_CONVERSION = YES;
				CLANG_WARN_INFINITE_RECURSION = YES;
				CLANG_WARN_INT_CONVERSION = YES;
				CLANG_WARN_NON_LITERAL_NULL_CONVERSION = YES;
				CLANG_WARN_OBJC_IMPLICIT_RETAIN_SELF = YES;
				CLANG_WARN_OBJC_LITERAL_CONVERSION = YES;
				CLANG_WARN_OBJC_ROOT_CLASS = YES_ERROR;
				CLANG_WARN_QUOTED_INCLUDE_IN_FRAMEWORK_HEADER = YES;
				CLANG_WARN_RANGE_LOOP_ANALYSIS = YES;
				CLANG_WARN_STRICT_PROTOTYPES = YES;
				CLANG_WARN_SUSPICIOUS_MOVE = YES;
				CLANG_WARN_UNGUARDED_AVAILABILITY = YES_AGGRESSIVE;
				CLANG_WARN_UNREACHABLE_CODE = YES;
				CLANG_WARN__DUPLICATE_METHOD_MATCH = YES;
				COPY_PHASE_STRIP = NO;
				DEBUG_INFORMATION_FORMAT = "dwarf-with-dsym";
				ENABLE_NS_ASSERTIONS = NO;
				ENABLE_STRICT_OBJC_MSGSEND = YES;
				GCC_C_LANGUAGE_STANDARD = gnu11;
				GCC_NO_COMMON_BLOCKS = YES;
				GCC_WARN_64_TO_32_BIT_CONVERSION = YES;
				GCC_WARN_ABOUT_RETURN_TYPE = YES_ERROR;
				GCC_WARN_UNDECLARED_SELECTOR = YES;
				GCC_WARN_UNINITIALIZED_AUTOS = YES_AGGRESSIVE;
				GCC_WARN_UNUSED_FUNCTION = YES;
				GCC_WARN_UNUSED_VARIABLE = YES;
				IPHONEOS_DEPLOYMENT_TARGET = 15.5;
				MTL_ENABLE_DEBUG_INFO = NO;
				MTL_FAST_MATH = YES;
				SDKROOT = iphoneos;
				SWIFT_COMPILATION_MODE = wholemodule;
				SWIFT_OPTIMIZATION_LEVEL = "-O";
				VALIDATE_PRODUCT = YES;
			};
			name = Release;
		};
		40769C0F288EC6C200899702 /* Debug */ = {
			isa = XCBuildConfiguration;
			buildSettings = {
				ASSETCATALOG_COMPILER_APPICON_NAME = AppIcon;
				ASSETCATALOG_COMPILER_GLOBAL_ACCENT_COLOR_NAME = AccentColor;
				CODE_SIGN_STYLE = Automatic;
				CURRENT_PROJECT_VERSION = 1;
				DEVELOPMENT_TEAM = Y97YKW5885;
				GENERATE_INFOPLIST_FILE = YES;
				INFOPLIST_FILE = "Quiz Game Application/Info.plist";
				INFOPLIST_KEY_UIApplicationSupportsIndirectInputEvents = YES;
				INFOPLIST_KEY_UILaunchStoryboardName = LaunchScreen;
				INFOPLIST_KEY_UIMainStoryboardFile = Main;
				INFOPLIST_KEY_UISupportedInterfaceOrientations_iPad = "UIInterfaceOrientationPortrait UIInterfaceOrientationPortraitUpsideDown UIInterfaceOrientationLandscapeLeft UIInterfaceOrientationLandscapeRight";
				INFOPLIST_KEY_UISupportedInterfaceOrientations_iPhone = "UIInterfaceOrientationPortrait UIInterfaceOrientationLandscapeLeft UIInterfaceOrientationLandscapeRight";
				LD_RUNPATH_SEARCH_PATHS = (
					"$(inherited)",
					"@executable_path/Frameworks",
				);
				MARKETING_VERSION = 1.0;
				PRODUCT_BUNDLE_IDENTIFIER = "SWIFT.Quiz-Game-Application";
				PRODUCT_NAME = "$(TARGET_NAME)";
				SWIFT_EMIT_LOC_STRINGS = YES;
				SWIFT_VERSION = 5.0;
				TARGETED_DEVICE_FAMILY = "1,2";
			};
			name = Debug;
		};
		40769C10288EC6C200899702 /* Release */ = {
			isa = XCBuildConfiguration;
			buildSettings = {
				ASSETCATALOG_COMPILER_APPICON_NAME = AppIcon;
				ASSETCATALOG_COMPILER_GLOBAL_ACCENT_COLOR_NAME = AccentColor;
				CODE_SIGN_STYLE = Automatic;
				CURRENT_PROJECT_VERSION = 1;
				DEVELOPMENT_TEAM = Y97YKW5885;
				GENERATE_INFOPLIST_FILE = YES;
				INFOPLIST_FILE = "Quiz Game Application/Info.plist";
				INFOPLIST_KEY_UIApplicationSupportsIndirectInputEvents = YES;
				INFOPLIST_KEY_UILaunchStoryboardName = LaunchScreen;
				INFOPLIST_KEY_UIMainStoryboardFile = Main;
				INFOPLIST_KEY_UISupportedInterfaceOrientations_iPad = "UIInterfaceOrientationPortrait UIInterfaceOrientationPortraitUpsideDown UIInterfaceOrientationLandscapeLeft UIInterfaceOrientationLandscapeRight";
				INFOPLIST_KEY_UISupportedInterfaceOrientations_iPhone = "UIInterfaceOrientationPortrait UIInterfaceOrientationLandscapeLeft UIInterfaceOrientationLandscapeRight";
				LD_RUNPATH_SEARCH_PATHS = (
					"$(inherited)",
					"@executable_path/Frameworks",
				);
				MARKETING_VERSION = 1.0;
				PRODUCT_BUNDLE_IDENTIFIER = "SWIFT.Quiz-Game-Application";
				PRODUCT_NAME = "$(TARGET_NAME)";
				SWIFT_EMIT_LOC_STRINGS = YES;
				SWIFT_VERSION = 5.0;
				TARGETED_DEVICE_FAMILY = "1,2";
			};
			name = Release;
		};
/* End XCBuildConfiguration section */

/* Begin XCConfigurationList section */
		40769BF5288EC6C000899702 /* Build configuration list for PBXProject "Quiz Game Application" */ = {
			isa = XCConfigurationList;
			buildConfigurations = (
				40769C0C288EC6C200899702 /* Debug */,
				40769C0D288EC6C200899702 /* Release */,
			);
			defaultConfigurationIsVisible = 0;
			defaultConfigurationName = Release;
		};
		40769C0E288EC6C200899702 /* Build configuration list for PBXNativeTarget "Quiz Game Application" */ = {
			isa = XCConfigurationList;
			buildConfigurations = (
				40769C0F288EC6C200899702 /* Debug */,
				40769C10288EC6C200899702 /* Release */,
			);
			defaultConfigurationIsVisible = 0;
			defaultConfigurationName = Release;
		};
/* End XCConfigurationList section */
	};
	rootObject = 40769BF2288EC6C000899702 /* Project object */;
}
